
Microsoft Visual Studio Solution File, Format Version 12.00
# Visual Studio Version 17
VisualStudioVersion = 17.11.35327.3
MinimumVisualStudioVersion = 10.0.40219.1
Project("{FAE04EC0-301F-11D3-BF4B-00C04F79EFBC}") = "HataliKul", "HataliKul\HataliKul.csproj", "{A6C91C41-8FBD-4041-B460-292537DD9FCB}"
EndProject
Global
	GlobalSection(SolutionConfigurationPlatforms) = preSolution
		Debug|Any CPU = Debug|Any CPU
		Release|Any CPU = Release|Any CPU
	EndGlobalSection
	GlobalSection(ProjectConfigurationPlatforms) = postSolution
		{A6C91C41-8FBD-4041-B460-292537DD9FCB}.Debug|Any CPU.ActiveCfg = Debug|Any CPU
		{A6C91C41-8FBD-4041-B460-292537DD9FCB}.Debug|Any CPU.Build.0 = Debug|Any CPU
		{A6C91C41-8FBD-4041-B460-292537DD9FCB}.Release|Any CPU.ActiveCfg = Release|Any CPU
		{A6C91C41-8FBD-4041-B460-292537DD9FCB}.Release|Any CPU.Build.0 = Release|Any CPU
	EndGlobalSection
	GlobalSection(SolutionProperties) = preSolution
		HideSolutionNode = FALSE
	EndGlobalSection
	GlobalSection(ExtensibilityGlobals) = postSolution
		SolutionGuid = {B0FBE699-9C8F-44E1-9F4A-12F10B10DAB2}
	EndGlobalSection
EndGlobal
